// !$*UTF8*$!
{
	archiveVersion = 1;
	classes = {
	};
	objectVersion = 56;
	objects = {

/* Begin PBXBuildFile section */
		3F020E692A8000A700A5DD03 /* AppDelegate.swift in Sources */ = {isa = PBXBuildFile; fileRef = 3F020E682A8000A700A5DD03 /* AppDelegate.swift */; };
		3F020E6B2A8000A700A5DD03 /* SceneDelegate.swift in Sources */ = {isa = PBXBuildFile; fileRef = 3F020E6A2A8000A700A5DD03 /* SceneDelegate.swift */; };
		3F020E6D2A8000A700A5DD03 /* ViewController.swift in Sources */ = {isa = PBXBuildFile; fileRef = 3F020E6C2A8000A700A5DD03 /* ViewController.swift */; };
		3F020E702A8000A700A5DD03 /* Main.storyboard in Resources */ = {isa = PBXBuildFile; fileRef = 3F020E6E2A8000A700A5DD03 /* Main.storyboard */; };
		3F020E722A8000A800A5DD03 /* Assets.xcassets in Resources */ = {isa = PBXBuildFile; fileRef = 3F020E712A8000A800A5DD03 /* Assets.xcassets */; };
		3F020E752A8000A800A5DD03 /* LaunchScreen.storyboard in Resources */ = {isa = PBXBuildFile; fileRef = 3F020E732A8000A800A5DD03 /* LaunchScreen.storyboard */; };
		3F020E802A8000A800A5DD03 /* tasklistTests.swift in Sources */ = {isa = PBXBuildFile; fileRef = 3F020E7F2A8000A800A5DD03 /* tasklistTests.swift */; };
		3F020E8A2A8000A800A5DD03 /* tasklistUITests.swift in Sources */ = {isa = PBXBuildFile; fileRef = 3F020E892A8000A800A5DD03 /* tasklistUITests.swift */; };
		3F020E8C2A8000A800A5DD03 /* tasklistUITestsLaunchTests.swift in Sources */ = {isa = PBXBuildFile; fileRef = 3F020E8B2A8000A800A5DD03 /* tasklistUITestsLaunchTests.swift */; };
/* End PBXBuildFile section */

/* Begin PBXContainerItemProxy section */
		3F020E7C2A8000A800A5DD03 /* PBXContainerItemProxy */ = {
			isa = PBXContainerItemProxy;
			containerPortal = 3F020E5D2A8000A700A5DD03 /* Project object */;
			proxyType = 1;
			remoteGlobalIDString = 3F020E642A8000A700A5DD03;
			remoteInfo = tasklist;
		};
		3F020E862A8000A800A5DD03 /* PBXContainerItemProxy */ = {
			isa = PBXContainerItemProxy;
			containerPortal = 3F020E5D2A8000A700A5DD03 /* Project object */;
			proxyType = 1;
			remoteGlobalIDString = 3F020E642A8000A700A5DD03;
			remoteInfo = tasklist;
		};
/* End PBXContainerItemProxy section */

/* Begin PBXFileReference section */
		3F020E652A8000A700A5DD03 /* tasklist.app */ = {isa = PBXFileReference; explicitFileType = wrapper.application; includeInIndex = 0; path = tasklist.app; sourceTree = BUILT_PRODUCTS_DIR; };
		3F020E682A8000A700A5DD03 /* AppDelegate.swift */ = {isa = PBXFileReference; lastKnownFileType = sourcecode.swift; path = AppDelegate.swift; sourceTree = "<group>"; };
		3F020E6A2A8000A700A5DD03 /* SceneDelegate.swift */ = {isa = PBXFileReference; lastKnownFileType = sourcecode.swift; path = SceneDelegate.swift; sourceTree = "<group>"; };
		3F020E6C2A8000A700A5DD03 /* ViewController.swift */ = {isa = PBXFileReference; lastKnownFileType = sourcecode.swift; path = ViewController.swift; sourceTree = "<group>"; };
		3F020E6F2A8000A700A5DD03 /* Base */ = {isa = PBXFileReference; lastKnownFileType = file.storyboard; name = Base; path = Base.lproj/Main.storyboard; sourceTree = "<group>"; };
		3F020E712A8000A800A5DD03 /* Assets.xcassets */ = {isa = PBXFileReference; lastKnownFileType = folder.assetcatalog; path = Assets.xcassets; sourceTree = "<group>"; };
		3F020E742A8000A800A5DD03 /* Base */ = {isa = PBXFileReference; lastKnownFileType = file.storyboard; name = Base; path = Base.lproj/LaunchScreen.storyboard; sourceTree = "<group>"; };
		3F020E762A8000A800A5DD03 /* Info.plist */ = {isa = PBXFileReference; lastKnownFileType = text.plist.xml; path = Info.plist; sourceTree = "<group>"; };
		3F020E7B2A8000A800A5DD03 /* tasklistTests.xctest */ = {isa = PBXFileReference; explicitFileType = wrapper.cfbundle; includeInIndex = 0; path = tasklistTests.xctest; sourceTree = BUILT_PRODUCTS_DIR; };
		3F020E7F2A8000A800A5DD03 /* tasklistTests.swift */ = {isa = PBXFileReference; lastKnownFileType = sourcecode.swift; path = tasklistTests.swift; sourceTree = "<group>"; };
		3F020E852A8000A800A5DD03 /* tasklistUITests.xctest */ = {isa = PBXFileReference; explicitFileType = wrapper.cfbundle; includeInIndex = 0; path = tasklistUITests.xctest; sourceTree = BUILT_PRODUCTS_DIR; };
		3F020E892A8000A800A5DD03 /* tasklistUITests.swift */ = {isa = PBXFileReference; lastKnownFileType = sourcecode.swift; path = tasklistUITests.swift; sourceTree = "<group>"; };
		3F020E8B2A8000A800A5DD03 /* tasklistUITestsLaunchTests.swift */ = {isa = PBXFileReference; lastKnownFileType = sourcecode.swift; path = tasklistUITestsLaunchTests.swift; sourceTree = "<group>"; };
/* End PBXFileReference section */

/* Begin PBXFrameworksBuildPhase section */
		3F020E622A8000A700A5DD03 /* Frameworks */ = {
			isa = PBXFrameworksBuildPhase;
			buildActionMask = 2147483647;
			files = (
			);
			runOnlyForDeploymentPostprocessing = 0;
		};
		3F020E782A8000A800A5DD03 /* Frameworks */ = {
			isa = PBXFrameworksBuildPhase;
			buildActionMask = 2147483647;
			files = (
			);
			runOnlyForDeploymentPostprocessing = 0;
		};
		3F020E822A8000A800A5DD03 /* Frameworks */ = {
			isa = PBXFrameworksBuildPhase;
			buildActionMask = 2147483647;
			files = (
			);
			runOnlyForDeploymentPostprocessing = 0;
		};
/* End PBXFrameworksBuildPhase section */

/* Begin PBXGroup section */
		3F020E5C2A8000A700A5DD03 = {
			isa = PBXGroup;
			children = (
				3F020E672A8000A700A5DD03 /* tasklist */,
				3F020E7E2A8000A800A5DD03 /* tasklistTests */,
				3F020E882A8000A800A5DD03 /* tasklistUITests */,
				3F020E662A8000A700A5DD03 /* Products */,
			);
			sourceTree = "<group>";
		};
		3F020E662A8000A700A5DD03 /* Products */ = {
			isa = PBXGroup;
			children = (
				3F020E652A8000A700A5DD03 /* tasklist.app */,
				3F020E7B2A8000A800A5DD03 /* tasklistTests.xctest */,
				3F020E852A8000A800A5DD03 /* tasklistUITests.xctest */,
			);
			name = Products;
			sourceTree = "<group>";
		};
		3F020E672A8000A700A5DD03 /* tasklist */ = {
			isa = PBXGroup;
			children = (
				3F020E682A8000A700A5DD03 /* AppDelegate.swift */,
				3F020E6A2A8000A700A5DD03 /* SceneDelegate.swift */,
				3F020E6C2A8000A700A5DD03 /* ViewController.swift */,
				3F020E6E2A8000A700A5DD03 /* Main.storyboard */,
				3F020E712A8000A800A5DD03 /* Assets.xcassets */,
				3F020E732A8000A800A5DD03 /* LaunchScreen.storyboard */,
				3F020E762A8000A800A5DD03 /* Info.plist */,
			);
			path = tasklist;
			sourceTree = "<group>";
		};
		3F020E7E2A8000A800A5DD03 /* tasklistTests */ = {
			isa = PBXGroup;
			children = (
				3F020E7F2A8000A800A5DD03 /* tasklistTests.swift */,
			);
			path = tasklistTests;
			sourceTree = "<group>";
		};
		3F020E882A8000A800A5DD03 /* tasklistUITests */ = {
			isa = PBXGroup;
			children = (
				3F020E892A8000A800A5DD03 /* tasklistUITests.swift */,
				3F020E8B2A8000A800A5DD03 /* tasklistUITestsLaunchTests.swift */,
			);
			path = tasklistUITests;
			sourceTree = "<group>";
		};
/* End PBXGroup section */

/* Begin PBXNativeTarget section */
		3F020E642A8000A700A5DD03 /* tasklist */ = {
			isa = PBXNativeTarget;
			buildConfigurationList = 3F020E8F2A8000A800A5DD03 /* Build configuration list for PBXNativeTarget "tasklist" */;
			buildPhases = (
				3F020E612A8000A700A5DD03 /* Sources */,
				3F020E622A8000A700A5DD03 /* Frameworks */,
				3F020E632A8000A700A5DD03 /* Resources */,
			);
			buildRules = (
			);
			dependencies = (
			);
			name = tasklist;
			productName = tasklist;
			productReference = 3F020E652A8000A700A5DD03 /* tasklist.app */;
			productType = "com.apple.product-type.application";
		};
		3F020E7A2A8000A800A5DD03 /* tasklistTests */ = {
			isa = PBXNativeTarget;
			buildConfigurationList = 3F020E922A8000A800A5DD03 /* Build configuration list for PBXNativeTarget "tasklistTests" */;
			buildPhases = (
				3F020E772A8000A800A5DD03 /* Sources */,
				3F020E782A8000A800A5DD03 /* Frameworks */,
				3F020E792A8000A800A5DD03 /* Resources */,
			);
			buildRules = (
			);
			dependencies = (
				3F020E7D2A8000A800A5DD03 /* PBXTargetDependency */,
			);
			name = tasklistTests;
			productName = tasklistTests;
			productReference = 3F020E7B2A8000A800A5DD03 /* tasklistTests.xctest */;
			productType = "com.apple.product-type.bundle.unit-test";
		};
		3F020E842A8000A800A5DD03 /* tasklistUITests */ = {
			isa = PBXNativeTarget;
			buildConfigurationList = 3F020E952A8000A800A5DD03 /* Build configuration list for PBXNativeTarget "tasklistUITests" */;
			buildPhases = (
				3F020E812A8000A800A5DD03 /* Sources */,
				3F020E822A8000A800A5DD03 /* Frameworks */,
				3F020E832A8000A800A5DD03 /* Resources */,
			);
			buildRules = (
			);
			dependencies = (
				3F020E872A8000A800A5DD03 /* PBXTargetDependency */,
			);
			name = tasklistUITests;
			productName = tasklistUITests;
			productReference = 3F020E852A8000A800A5DD03 /* tasklistUITests.xctest */;
			productType = "com.apple.product-type.bundle.ui-testing";
		};
/* End PBXNativeTarget section */

/* Begin PBXProject section */
		3F020E5D2A8000A700A5DD03 /* Project object */ = {
			isa = PBXProject;
			attributes = {
				BuildIndependentTargetsInParallel = 1;
				LastSwiftUpdateCheck = 1420;
				LastUpgradeCheck = 1420;
				TargetAttributes = {
					3F020E642A8000A700A5DD03 = {
						CreatedOnToolsVersion = 14.2;
					};
					3F020E7A2A8000A800A5DD03 = {
						CreatedOnToolsVersion = 14.2;
						TestTargetID = 3F020E642A8000A700A5DD03;
					};
					3F020E842A8000A800A5DD03 = {
						CreatedOnToolsVersion = 14.2;
						TestTargetID = 3F020E642A8000A700A5DD03;
					};
				};
			};
			buildConfigurationList = 3F020E602A8000A700A5DD03 /* Build configuration list for PBXProject "tasklist" */;
			compatibilityVersion = "Xcode 14.0";
			developmentRegion = en;
			hasScannedForEncodings = 0;
			knownRegions = (
				en,
				Base,
			);
			mainGroup = 3F020E5C2A8000A700A5DD03;
			productRefGroup = 3F020E662A8000A700A5DD03 /* Products */;
			projectDirPath = "";
			projectRoot = "";
			targets = (
				3F020E642A8000A700A5DD03 /* tasklist */,
				3F020E7A2A8000A800A5DD03 /* tasklistTests */,
				3F020E842A8000A800A5DD03 /* tasklistUITests */,
			);
		};
/* End PBXProject section */

/* Begin PBXResourcesBuildPhase section */
		3F020E632A8000A700A5DD03 /* Resources */ = {
			isa = PBXResourcesBuildPhase;
			buildActionMask = 2147483647;
			files = (
				3F020E752A8000A800A5DD03 /* LaunchScreen.storyboard in Resources */,
				3F020E722A8000A800A5DD03 /* Assets.xcassets in Resources */,
				3F020E702A8000A700A5DD03 /* Main.storyboard in Resources */,
			);
			runOnlyForDeploymentPostprocessing = 0;
		};
		3F020E792A8000A800A5DD03 /* Resources */ = {
			isa = PBXResourcesBuildPhase;
			buildActionMask = 2147483647;
			files = (
			);
			runOnlyForDeploymentPostprocessing = 0;
		};
		3F020E832A8000A800A5DD03 /* Resources */ = {
			isa = PBXResourcesBuildPhase;
			buildActionMask = 2147483647;
			files = (
			);
			runOnlyForDeploymentPostprocessing = 0;
		};
/* End PBXResourcesBuildPhase section */

/* Begin PBXSourcesBuildPhase section */
		3F020E612A8000A700A5DD03 /* Sources */ = {
			isa = PBXSourcesBuildPhase;
			buildActionMask = 2147483647;
			files = (
				3F020E6D2A8000A700A5DD03 /* ViewController.swift in Sources */,
				3F020E692A8000A700A5DD03 /* AppDelegate.swift in Sources */,
				3F020E6B2A8000A700A5DD03 /* SceneDelegate.swift in Sources */,
			);
			runOnlyForDeploymentPostprocessing = 0;
		};
		3F020E772A8000A800A5DD03 /* Sources */ = {
			isa = PBXSourcesBuildPhase;
			buildActionMask = 2147483647;
			files = (
				3F020E802A8000A800A5DD03 /* tasklistTests.swift in Sources */,
			);
			runOnlyForDeploymentPostprocessing = 0;
		};
		3F020E812A8000A800A5DD03 /* Sources */ = {
			isa = PBXSourcesBuildPhase;
			buildActionMask = 2147483647;
			files = (
				3F020E8C2A8000A800A5DD03 /* tasklistUITestsLaunchTests.swift in Sources */,
				3F020E8A2A8000A800A5DD03 /* tasklistUITests.swift in Sources */,
			);
			runOnlyForDeploymentPostprocessing = 0;
		};
/* End PBXSourcesBuildPhase section */

/* Begin PBXTargetDependency section */
		3F020E7D2A8000A800A5DD03 /* PBXTargetDependency */ = {
			isa = PBXTargetDependency;
			target = 3F020E642A8000A700A5DD03 /* tasklist */;
			targetProxy = 3F020E7C2A8000A800A5DD03 /* PBXContainerItemProxy */;
		};
		3F020E872A8000A800A5DD03 /* PBXTargetDependency */ = {
			isa = PBXTargetDependency;
			target = 3F020E642A8000A700A5DD03 /* tasklist */;
			targetProxy = 3F020E862A8000A800A5DD03 /* PBXContainerItemProxy */;
		};
/* End PBXTargetDependency section */

/* Begin PBXVariantGroup section */
		3F020E6E2A8000A700A5DD03 /* Main.storyboard */ = {
			isa = PBXVariantGroup;
			children = (
				3F020E6F2A8000A700A5DD03 /* Base */,
			);
			name = Main.storyboard;
			sourceTree = "<group>";
		};
		3F020E732A8000A800A5DD03 /* LaunchScreen.storyboard */ = {
			isa = PBXVariantGroup;
			children = (
				3F020E742A8000A800A5DD03 /* Base */,
			);
			name = LaunchScreen.storyboard;
			sourceTree = "<group>";
		};
/* End PBXVariantGroup section */

/* Begin XCBuildConfiguration section */
		3F020E8D2A8000A800A5DD03 /* Debug */ = {
			isa = XCBuildConfiguration;
			buildSettings = {
				ALWAYS_SEARCH_USER_PATHS = NO;
				CLANG_ANALYZER_NONNULL = YES;
				CLANG_ANALYZER_NUMBER_OBJECT_CONVERSION = YES_AGGRESSIVE;
				CLANG_CXX_LANGUAGE_STANDARD = "gnu++20";
				CLANG_ENABLE_MODULES = YES;
				CLANG_ENABLE_OBJC_ARC = YES;
				CLANG_ENABLE_OBJC_WEAK = YES;
				CLANG_WARN_BLOCK_CAPTURE_AUTORELEASING = YES;
				CLANG_WARN_BOOL_CONVERSION = YES;
				CLANG_WARN_COMMA = YES;
				CLANG_WARN_CONSTANT_CONVERSION = YES;
				CLANG_WARN_DEPRECATED_OBJC_IMPLEMENTATIONS = YES;
				CLANG_WARN_DIRECT_OBJC_ISA_USAGE = YES_ERROR;
				CLANG_WARN_DOCUMENTATION_COMMENTS = YES;
				CLANG_WARN_EMPTY_BODY = YES;
				CLANG_WARN_ENUM_CONVERSION = YES;
				CLANG_WARN_INFINITE_RECURSION = YES;
				CLANG_WARN_INT_CONVERSION = YES;
				CLANG_WARN_NON_LITERAL_NULL_CONVERSION = YES;
				CLANG_WARN_OBJC_IMPLICIT_RETAIN_SELF = YES;
				CLANG_WARN_OBJC_LITERAL_CONVERSION = YES;
				CLANG_WARN_OBJC_ROOT_CLASS = YES_ERROR;
				CLANG_WARN_QUOTED_INCLUDE_IN_FRAMEWORK_HEADER = YES;
				CLANG_WARN_RANGE_LOOP_ANALYSIS = YES;
				CLANG_WARN_STRICT_PROTOTYPES = YES;
				CLANG_WARN_SUSPICIOUS_MOVE = YES;
				CLANG_WARN_UNGUARDED_AVAILABILITY = YES_AGGRESSIVE;
				CLANG_WARN_UNREACHABLE_CODE = YES;
				CLANG_WARN__DUPLICATE_METHOD_MATCH = YES;
				COPY_PHASE_STRIP = NO;
				DEBUG_INFORMATION_FORMAT = dwarf;
				ENABLE_STRICT_OBJC_MSGSEND = YES;
				ENABLE_TESTABILITY = YES;
				GCC_C_LANGUAGE_STANDARD = gnu11;
				GCC_DYNAMIC_NO_PIC = NO;
				GCC_NO_COMMON_BLOCKS = YES;
				GCC_OPTIMIZATION_LEVEL = 0;
				GCC_PREPROCESSOR_DEFINITIONS = (
					"DEBUG=1",
					"$(inherited)",
				);
				GCC_WARN_64_TO_32_BIT_CONVERSION = YES;
				GCC_WARN_ABOUT_RETURN_TYPE = YES_ERROR;
				GCC_WARN_UNDECLARED_SELECTOR = YES;
				GCC_WARN_UNINITIALIZED_AUTOS = YES_AGGRESSIVE;
				GCC_WARN_UNUSED_FUNCTION = YES;
				GCC_WARN_UNUSED_VARIABLE = YES;
				IPHONEOS_DEPLOYMENT_TARGET = 16.2;
				MTL_ENABLE_DEBUG_INFO = INCLUDE_SOURCE;
				MTL_FAST_MATH = YES;
				ONLY_ACTIVE_ARCH = YES;
				SDKROOT = iphoneos;
				SWIFT_ACTIVE_COMPILATION_CONDITIONS = DEBUG;
				SWIFT_OPTIMIZATION_LEVEL = "-Onone";
			};
			name = Debug;
		};
		3F020E8E2A8000A800A5DD03 /* Release */ = {
			isa = XCBuildConfiguration;
			buildSettings = {
				ALWAYS_SEARCH_USER_PATHS = NO;
				CLANG_ANALYZER_NONNULL = YES;
				CLANG_ANALYZER_NUMBER_OBJECT_CONVERSION = YES_AGGRESSIVE;
				CLANG_CXX_LANGUAGE_STANDARD = "gnu++20";
				CLANG_ENABLE_MODULES = YES;
				CLANG_ENABLE_OBJC_ARC = YES;
				CLANG_ENABLE_OBJC_WEAK = YES;
				CLANG_WARN_BLOCK_CAPTURE_AUTORELEASING = YES;
				CLANG_WARN_BOOL_CONVERSION = YES;
				CLANG_WARN_COMMA = YES;
				CLANG_WARN_CONSTANT_CONVERSION = YES;
				CLANG_WARN_DEPRECATED_OBJC_IMPLEMENTATIONS = YES;
				CLANG_WARN_DIRECT_OBJC_ISA_USAGE = YES_ERROR;
				CLANG_WARN_DOCUMENTATION_COMMENTS = YES;
				CLANG_WARN_EMPTY_BODY = YES;
				CLANG_WARN_ENUM_CONVERSION = YES;
				CLANG_WARN_INFINITE_RECURSION = YES;
				CLANG_WARN_INT_CONVERSION = YES;
				CLANG_WARN_NON_LITERAL_NULL_CONVERSION = YES;
				CLANG_WARN_OBJC_IMPLICIT_RETAIN_SELF = YES;
				CLANG_WARN_OBJC_LITERAL_CONVERSION = YES;
				CLANG_WARN_OBJC_ROOT_CLASS = YES_ERROR;
				CLANG_WARN_QUOTED_INCLUDE_IN_FRAMEWORK_HEADER = YES;
				CLANG_WARN_RANGE_LOOP_ANALYSIS = YES;
				CLANG_WARN_STRICT_PROTOTYPES = YES;
				CLANG_WARN_SUSPICIOUS_MOVE = YES;
				CLANG_WARN_UNGUARDED_AVAILABILITY = YES_AGGRESSIVE;
				CLANG_WARN_UNREACHABLE_CODE = YES;
				CLANG_WARN__DUPLICATE_METHOD_MATCH = YES;
				COPY_PHASE_STRIP = NO;
				DEBUG_INFORMATION_FORMAT = "dwarf-with-dsym";
				ENABLE_NS_ASSERTIONS = NO;
				ENABLE_STRICT_OBJC_MSGSEND = YES;
				GCC_C_LANGUAGE_STANDARD = gnu11;
				GCC_NO_COMMON_BLOCKS = YES;
				GCC_WARN_64_TO_32_BIT_CONVERSION = YES;
				GCC_WARN_ABOUT_RETURN_TYPE = YES_ERROR;
				GCC_WARN_UNDECLARED_SELECTOR = YES;
				GCC_WARN_UNINITIALIZED_AUTOS = YES_AGGRESSIVE;
				GCC_WARN_UNUSED_FUNCTION = YES;
				GCC_WARN_UNUSED_VARIABLE = YES;
				IPHONEOS_DEPLOYMENT_TARGET = 16.2;
				MTL_ENABLE_DEBUG_INFO = NO;
				MTL_FAST_MATH = YES;
				SDKROOT = iphoneos;
				SWIFT_COMPILATION_MODE = wholemodule;
				SWIFT_OPTIMIZATION_LEVEL = "-O";
				VALIDATE_PRODUCT = YES;
			};
			name = Release;
		};
		3F020E902A8000A800A5DD03 /* Debug */ = {
			isa = XCBuildConfiguration;
			buildSettings = {
				ASSETCATALOG_COMPILER_APPICON_NAME = AppIcon;
				ASSETCATALOG_COMPILER_GLOBAL_ACCENT_COLOR_NAME = AccentColor;
				CODE_SIGN_STYLE = Automatic;
				CURRENT_PROJECT_VERSION = 1;
				DEVELOPMENT_TEAM = KT22AUQWMB;
				GENERATE_INFOPLIST_FILE = YES;
				INFOPLIST_FILE = tasklist/Info.plist;
				INFOPLIST_KEY_UIApplicationSupportsIndirectInputEvents = YES;
				INFOPLIST_KEY_UILaunchStoryboardName = LaunchScreen;
				INFOPLIST_KEY_UIMainStoryboardFile = Main;
				INFOPLIST_KEY_UISupportedInterfaceOrientations_iPad = "UIInterfaceOrientationPortrait UIInterfaceOrientationPortraitUpsideDown UIInterfaceOrientationLandscapeLeft UIInterfaceOrientationLandscapeRight";
				INFOPLIST_KEY_UISupportedInterfaceOrientations_iPhone = "UIInterfaceOrientationPortrait UIInterfaceOrientationLandscapeLeft UIInterfaceOrientationLandscapeRight";
				LD_RUNPATH_SEARCH_PATHS = (
					"$(inherited)",
					"@executable_path/Frameworks",
				);
				MARKETING_VERSION = 1.0;
				PRODUCT_BUNDLE_IDENTIFIER = "-23.tasklist";
				PRODUCT_NAME = "$(TARGET_NAME)";
				SWIFT_EMIT_LOC_STRINGS = YES;
				SWIFT_VERSION = 5.0;
				TARGETED_DEVICE_FAMILY = "1,2";
			};
			name = Debug;
		};
		3F020E912A8000A800A5DD03 /* Release */ = {
			isa = XCBuildConfiguration;
			buildSettings = {
				ASSETCATALOG_COMPILER_APPICON_NAME = AppIcon;
				ASSETCATALOG_COMPILER_GLOBAL_ACCENT_COLOR_NAME = AccentColor;
				CODE_SIGN_STYLE = Automatic;
				CURRENT_PROJECT_VERSION = 1;
				DEVELOPMENT_TEAM = KT22AUQWMB;
				GENERATE_INFOPLIST_FILE = YES;
				INFOPLIST_FILE = tasklist/Info.plist;
				INFOPLIST_KEY_UIApplicationSupportsIndirectInputEvents = YES;
				INFOPLIST_KEY_UILaunchStoryboardName = LaunchScreen;
				INFOPLIST_KEY_UIMainStoryboardFile = Main;
				INFOPLIST_KEY_UISupportedInterfaceOrientations_iPad = "UIInterfaceOrientationPortrait UIInterfaceOrientationPortraitUpsideDown UIInterfaceOrientationLandscapeLeft UIInterfaceOrientationLandscapeRight";
				INFOPLIST_KEY_UISupportedInterfaceOrientations_iPhone = "UIInterfaceOrientationPortrait UIInterfaceOrientationLandscapeLeft UIInterfaceOrientationLandscapeRight";
				LD_RUNPATH_SEARCH_PATHS = (
					"$(inherited)",
					"@executable_path/Frameworks",
				);
				MARKETING_VERSION = 1.0;
				PRODUCT_BUNDLE_IDENTIFIER = "-23.tasklist";
				PRODUCT_NAME = "$(TARGET_NAME)";
				SWIFT_EMIT_LOC_STRINGS = YES;
				SWIFT_VERSION = 5.0;
				TARGETED_DEVICE_FAMILY = "1,2";
			};
			name = Release;
		};
		3F020E932A8000A800A5DD03 /* Debug */ = {
			isa = XCBuildConfiguration;
			buildSettings = {
				ALWAYS_EMBED_SWIFT_STANDARD_LIBRARIES = YES;
				BUNDLE_LOADER = "$(TEST_HOST)";
				CODE_SIGN_STYLE = Automatic;
				CURRENT_PROJECT_VERSION = 1;
				DEVELOPMENT_TEAM = KT22AUQWMB;
				GENERATE_INFOPLIST_FILE = YES;
				IPHONEOS_DEPLOYMENT_TARGET = 16.2;
				MARKETING_VERSION = 1.0;
				PRODUCT_BUNDLE_IDENTIFIER = "-23.tasklistTests";
				PRODUCT_NAME = "$(TARGET_NAME)";
				SWIFT_EMIT_LOC_STRINGS = NO;
				SWIFT_VERSION = 5.0;
				TARGETED_DEVICE_FAMILY = "1,2";
				TEST_HOST = "$(BUILT_PRODUCTS_DIR)/tasklist.app/$(BUNDLE_EXECUTABLE_FOLDER_PATH)/tasklist";
			};
			name = Debug;
		};
		3F020E942A8000A800A5DD03 /* Release */ = {
			isa = XCBuildConfiguration;
			buildSettings = {
				ALWAYS_EMBED_SWIFT_STANDARD_LIBRARIES = YES;
				BUNDLE_LOADER = "$(TEST_HOST)";
				CODE_SIGN_STYLE = Automatic;
				CURRENT_PROJECT_VERSION = 1;
				DEVELOPMENT_TEAM = KT22AUQWMB;
				GENERATE_INFOPLIST_FILE = YES;
				IPHONEOS_DEPLOYMENT_TARGET = 16.2;
				MARKETING_VERSION = 1.0;
				PRODUCT_BUNDLE_IDENTIFIER = "-23.tasklistTests";
				PRODUCT_NAME = "$(TARGET_NAME)";
				SWIFT_EMIT_LOC_STRINGS = NO;
				SWIFT_VERSION = 5.0;
				TARGETED_DEVICE_FAMILY = "1,2";
				TEST_HOST = "$(BUILT_PRODUCTS_DIR)/tasklist.app/$(BUNDLE_EXECUTABLE_FOLDER_PATH)/tasklist";
			};
			name = Release;
		};
		3F020E962A8000A800A5DD03 /* Debug */ = {
			isa = XCBuildConfiguration;
			buildSettings = {
				ALWAYS_EMBED_SWIFT_STANDARD_LIBRARIES = YES;
				CODE_SIGN_STYLE = Automatic;
				CURRENT_PROJECT_VERSION = 1;
				DEVELOPMENT_TEAM = KT22AUQWMB;
				GENERATE_INFOPLIST_FILE = YES;
				MARKETING_VERSION = 1.0;
				PRODUCT_BUNDLE_IDENTIFIER = "-23.tasklistUITests";
				PRODUCT_NAME = "$(TARGET_NAME)";
				SWIFT_EMIT_LOC_STRINGS = NO;
				SWIFT_VERSION = 5.0;
				TARGETED_DEVICE_FAMILY = "1,2";
				TEST_TARGET_NAME = tasklist;
			};
			name = Debug;
		};
		3F020E972A8000A800A5DD03 /* Release */ = {
			isa = XCBuildConfiguration;
			buildSettings = {
				ALWAYS_EMBED_SWIFT_STANDARD_LIBRARIES = YES;
				CODE_SIGN_STYLE = Automatic;
				CURRENT_PROJECT_VERSION = 1;
				DEVELOPMENT_TEAM = KT22AUQWMB;
				GENERATE_INFOPLIST_FILE = YES;
				MARKETING_VERSION = 1.0;
				PRODUCT_BUNDLE_IDENTIFIER = "-23.tasklistUITests";
				PRODUCT_NAME = "$(TARGET_NAME)";
				SWIFT_EMIT_LOC_STRINGS = NO;
				SWIFT_VERSION = 5.0;
				TARGETED_DEVICE_FAMILY = "1,2";
				TEST_TARGET_NAME = tasklist;
			};
			name = Release;
		};
/* End XCBuildConfiguration section */

/* Begin XCConfigurationList section */
		3F020E602A8000A700A5DD03 /* Build configuration list for PBXProject "tasklist" */ = {
			isa = XCConfigurationList;
			buildConfigurations = (
				3F020E8D2A8000A800A5DD03 /* Debug */,
				3F020E8E2A8000A800A5DD03 /* Release */,
			);
			defaultConfigurationIsVisible = 0;
			defaultConfigurationName = Release;
		};
		3F020E8F2A8000A800A5DD03 /* Build configuration list for PBXNativeTarget "tasklist" */ = {
			isa = XCConfigurationList;
			buildConfigurations = (
				3F020E902A8000A800A5DD03 /* Debug */,
				3F020E912A8000A800A5DD03 /* Release */,
			);
			defaultConfigurationIsVisible = 0;
			defaultConfigurationName = Release;
		};
		3F020E922A8000A800A5DD03 /* Build configuration list for PBXNativeTarget "tasklistTests" */ = {
			isa = XCConfigurationList;
			buildConfigurations = (
				3F020E932A8000A800A5DD03 /* Debug */,
				3F020E942A8000A800A5DD03 /* Release */,
			);
			defaultConfigurationIsVisible = 0;
			defaultConfigurationName = Release;
		};
		3F020E952A8000A800A5DD03 /* Build configuration list for PBXNativeTarget "tasklistUITests" */ = {
			isa = XCConfigurationList;
			buildConfigurations = (
				3F020E962A8000A800A5DD03 /* Debug */,
				3F020E972A8000A800A5DD03 /* Release */,
			);
			defaultConfigurationIsVisible = 0;
			defaultConfigurationName = Release;
		};
/* End XCConfigurationList section */
	};
	rootObject = 3F020E5D2A8000A700A5DD03 /* Project object */;
}
